<?xml version="1.0" encoding="utf-8"?>
<Project ToolsVersion="4.0" xmlns="http://schemas.microsoft.com/developer/msbuild/2003">
  <ItemGroup>
    <ClCompile Include="main.cpp" />
  </ItemGroup>
  <ItemGroup>
    <ClInclude Include="Aaagmnrs.h">
      <Filter>Headers</Filter>
    </ClInclude>
    <ClInclude Include="BinaryCode.h">
      <Filter>Headers</Filter>
    </ClInclude>
    <ClInclude Include="Bullets.h">
      <Filter>Headers</Filter>
    </ClInclude>
    <ClInclude Include="Complaints.h">
      <Filter>Headers</Filter>
    </ClInclude>
    <ClInclude Include="Execution.h">
      <Filter>Headers</Filter>
    </ClInclude>
    <ClInclude Include="GameOfLife.h">
      <Filter>Headers</Filter>
    </ClInclude>
    <ClInclude Include="Lexer.h">
      <Filter>Headers</Filter>
    </ClInclude>
    <ClInclude Include="MessageMess.h">
      <Filter>Headers</Filter>
    </ClInclude>
    <ClInclude Include="Pricing.h">
      <Filter>Headers</Filter>
    </ClInclude>
    <ClInclude Include="Time.h">
      <Filter>Headers</Filter>
    </ClInclude>
    <ClInclude Include="TVTower.h">
      <Filter>Headers</Filter>
    </ClInclude>
    <ClInclude Include="WidgetRepairs.h">
      <Filter>Headers</Filter>
    </ClInclude>
    <ClInclude Include="ExerciseMachine.h">
      <Filter>Headers</Filter>
    </ClInclude>
    <ClInclude Include="RectangularGrid.h">
      <Filter>Headers</Filter>
    </ClInclude>
  </ItemGroup>
  <ItemGroup>
    <Filter Include="Headers">
      <UniqueIdentifier>{27a098e9-5d50-405b-b14d-1c71438bf425}</UniqueIdentifier>
    </Filter>
  </ItemGroup>
</Project>